
Microsoft Visual Studio Solution File, Format Version 12.00
# Visual Studio 15
VisualStudioVersion = 15.0.26430.15
MinimumVisualStudioVersion = 10.0.40219.1
Project("{2150E333-8FDC-42A3-9474-1A3956D46DE8}") = "src", "src", "{25D7998E-82BA-4740-ADD5-86FF5A2E5B23}"
EndProject
Project("{9A19103F-16F7-4668-BE54-9A1E7A4F7556}") = "MAF.FeaturesFlipping.Abstractions", "src\MAF.FeaturesFlipping.Abstractions\MAF.FeaturesFlipping.Abstractions.csproj", "{C0C88A52-A795-43BC-887B-B2DBEE58C4B5}"
EndProject
Project("{9A19103F-16F7-4668-BE54-9A1E7A4F7556}") = "MAF.FeaturesFlipping", "src\MAF.FeaturesFlipping\MAF.FeaturesFlipping.csproj", "{B0F480BF-36E2-4156-B4B4-4E2EEA4DCF27}"
EndProject
Project("{9A19103F-16F7-4668-BE54-9A1E7A4F7556}") = "MAF.FeaturesFlipping.Extensibility.Activators.Abstractions", "src\MAF.FeaturesFlipping.Extensibility.Activators.Abstractions\MAF.FeaturesFlipping.Extensibility.Activators.Abstractions.csproj", "{31DB4863-0E7B-41A1-A239-A053C48D3B81}"
EndProject
Project("{2150E333-8FDC-42A3-9474-1A3956D46DE8}") = "tests", "tests", "{2FBA5A4A-35D2-4A34-9870-26E5FD6C33C6}"
EndProject
Project("{9A19103F-16F7-4668-BE54-9A1E7A4F7556}") = "MAF.FeaturesFlipping.UnitTests", "tests\MAF.FeaturesFlipping.UnitTests\MAF.FeaturesFlipping.UnitTests.csproj", "{6F8428E5-DC21-4CD7-B7CB-D6C81EC2D5D9}"
EndProject
Project("{2150E333-8FDC-42A3-9474-1A3956D46DE8}") = "activators", "activators", "{91378479-4EF2-489D-AA0E-924E80D06C4C}"
EndProject
Project("{9A19103F-16F7-4668-BE54-9A1E7A4F7556}") = "MAF.FeaturesFlipping.Activators.EntityFrameworkCore", "src\activators\efcore\MAF.FeaturesFlipping.Activators.EntityFrameworkCore.csproj", "{2E6C17DF-93D2-42E5-8BF9-E7967741C838}"
EndProject
Project("{2150E333-8FDC-42A3-9474-1A3956D46DE8}") = "activators", "activators", "{EB0E8C89-DEB5-4DE7-9579-6EAD0C5430CE}"
EndProject
Project("{9A19103F-16F7-4668-BE54-9A1E7A4F7556}") = "MAF.FeaturesFlipping.Activators.EntityFrameworkCore.UnitTests", "tests\activators\efcore\MAF.FeaturesFlipping.Activators.EntityFrameworkCore.UnitTests.csproj", "{B4F07498-CBFF-41F8-8EB4-131C46C8A7B3}"
EndProject
Project("{2150E333-8FDC-42A3-9474-1A3956D46DE8}") = "Solution Items", "Solution Items", "{46D68893-614D-4E3D-AFA5-F8D497D33CBE}"
	ProjectSection(SolutionItems) = preProject
		.gitignore = .gitignore
		LICENSE = LICENSE
		src\MAF.FeaturesFlipping.CommonAssemblyInfo.props = src\MAF.FeaturesFlipping.CommonAssemblyInfo.props
		MAF.FeaturesFlipping.runsettings = MAF.FeaturesFlipping.runsettings
		MAF.FeaturesFlipping.sln.DotSettings = MAF.FeaturesFlipping.sln.DotSettings
		README.md = README.md
	EndProjectSection
EndProject
Project("{2150E333-8FDC-42A3-9474-1A3956D46DE8}") = "samples", "samples", "{B6B5D19B-7FEC-4D79-B630-18B9E1F7CD3C}"
EndProject
Project("{9A19103F-16F7-4668-BE54-9A1E7A4F7556}") = "SimpleWebSite", "samples\simplewebsite\SimpleWebSite\SimpleWebSite.csproj", "{93653151-B1FF-4FBB-97B8-26E2525E31D4}"
EndProject
Project("{2150E333-8FDC-42A3-9474-1A3956D46DE8}") = "simplewebsite", "simplewebsite", "{19DB9871-B539-463D-A5D5-ADD408369977}"
EndProject
Project("{9A19103F-16F7-4668-BE54-9A1E7A4F7556}") = "MAF.FeaturesFlipping.Extensibility.FeatureContext.Abstractions", "src\MAF.FeaturesFlipping.Extensibility.FeatureContext.Abstractions\MAF.FeaturesFlipping.Extensibility.FeatureContext.Abstractions.csproj", "{AAD6451E-ED18-4367-9048-3D225E03E9CE}"
EndProject
Project("{2150E333-8FDC-42A3-9474-1A3956D46DE8}") = "dependencyinjection", "dependencyinjection", "{36DD66A8-5FD9-47A5-A0CC-0336493AAED2}"
EndProject
Project("{9A19103F-16F7-4668-BE54-9A1E7A4F7556}") = "MAF.FeaturesFlipping.Extensions.DependencyInjection", "src\di\dependencyinjection\MAF.FeaturesFlipping.Extensions.DependencyInjection.csproj", "{EEE6B1B8-3DB0-41F5-A431-309E9C7342AF}"
EndProject
Project("{9A19103F-16F7-4668-BE54-9A1E7A4F7556}") = "MAF.FeaturesFlipping.Extensions.DependencyInjection.EntityFrameworkCore", "src\di\efcore\MAF.FeaturesFlipping.Extensions.DependencyInjection.EntityFrameworkCore.csproj", "{8C26DB9D-C7AD-44EC-AEBA-DF31FC96A57F}"
EndProject
Project("{2150E333-8FDC-42A3-9474-1A3956D46DE8}") = "dependencyinjection", "dependencyinjection", "{6F37E2FD-3C17-4FDE-A605-116E9BE2F800}"
EndProject
Project("{9A19103F-16F7-4668-BE54-9A1E7A4F7556}") = "MAF.FeaturesFlipping.Extensions.DependencyInjection.UnitTests", "tests\di\dependencyinjection\MAF.FeaturesFlipping.Extensions.DependencyInjection.UnitTests.csproj", "{347104BB-451A-4F89-BB47-CA832FB7F856}"
EndProject
Project("{2150E333-8FDC-42A3-9474-1A3956D46DE8}") = "aspnet", "aspnet", "{5EBC06E8-2BEF-44D2-8369-30E66EB107BD}"
EndProject
Project("{9A19103F-16F7-4668-BE54-9A1E7A4F7556}") = "MAF.FeaturesFlipping.AspNetCore", "src\aspnet\aspnetcore\MAF.FeaturesFlipping.AspNetCore.csproj", "{B923E1DA-5A49-4692-8AC9-A050ED657C69}"
EndProject
Project("{2150E333-8FDC-42A3-9474-1A3956D46DE8}") = "docs", "docs", "{A8B84E74-4790-4D82-B810-CA54BF7E220B}"
	ProjectSection(SolutionItems) = preProject
		docs\index.md = docs\index.md
	EndProjectSection
EndProject
Project("{2150E333-8FDC-42A3-9474-1A3956D46DE8}") = "aspnet", "aspnet", "{087E0A3C-3DE9-4D8A-8B1B-AA5DC7471A88}"
	ProjectSection(SolutionItems) = preProject
		docs\aspnet\index.md = docs\aspnet\index.md
	EndProjectSection
EndProject
Project("{9A19103F-16F7-4668-BE54-9A1E7A4F7556}") = "MAF.FeaturesFlipping.Activators.Configuration", "src\activators\configuration\MAF.FeaturesFlipping.Activators.Configuration.csproj", "{EFA8175B-26B8-46DF-AE0C-C6669C5A47E6}"
EndProject
Project("{9A19103F-16F7-4668-BE54-9A1E7A4F7556}") = "MAF.FeaturesFlipping.Extensions.DependencyInjection.Configuration", "src\di\configuration\MAF.FeaturesFlipping.Extensions.DependencyInjection.Configuration.csproj", "{B271804C-0B8F-404E-AC95-C5F21CD7E248}"
EndProject
Project("{9A19103F-16F7-4668-BE54-9A1E7A4F7556}") = "MAF.FeaturesFlipping.Activators.Configuration.UnitTests", "tests\activators\configuration\MAF.FeaturesFlipping.Activators.Configuration.UnitTests.csproj", "{AAC8BF03-AFE4-4108-961F-5A0CA69FDC91}"
EndProject
Project("{2150E333-8FDC-42A3-9474-1A3956D46DE8}") = "activators", "activators", "{37F031BF-EB4F-4D3A-8BA9-B25E82783ECB}"
	ProjectSection(SolutionItems) = preProject
		configuration.md = configuration.md
	EndProjectSection
EndProject
Project("{9A19103F-16F7-4668-BE54-9A1E7A4F7556}") = "MAF.FeaturesFlipping.Extensions.DependencyInjection.Configuration.UnitTests", "tests\di\configuration\MAF.FeaturesFlipping.Extensions.DependencyInjection.Configuration.UnitTests.csproj", "{AC34D9C1-90CB-4F28-A9D2-ADB34109AAE8}"
EndProject
Project("{2150E333-8FDC-42A3-9474-1A3956D46DE8}") = "aspnet", "aspnet", "{951E27E9-6F04-4801-8E85-E7C75BBB2000}"
EndProject
Project("{9A19103F-16F7-4668-BE54-9A1E7A4F7556}") = "MAF.FeaturesFlipping.AspNetCore.UnitTests", "tests\aspnet\aspnetcore\MAF.FeaturesFlipping.AspNetCore.UnitTests.csproj", "{1B428CF1-16B0-4B12-82AB-AF9BB2A10F29}"
EndProject
Global
	GlobalSection(SolutionConfigurationPlatforms) = preSolution
		Debug|Any CPU = Debug|Any CPU
		Release|Any CPU = Release|Any CPU
	EndGlobalSection
	GlobalSection(ProjectConfigurationPlatforms) = postSolution
		{C0C88A52-A795-43BC-887B-B2DBEE58C4B5}.Debug|Any CPU.ActiveCfg = Debug|Any CPU
		{C0C88A52-A795-43BC-887B-B2DBEE58C4B5}.Debug|Any CPU.Build.0 = Debug|Any CPU
		{C0C88A52-A795-43BC-887B-B2DBEE58C4B5}.Release|Any CPU.ActiveCfg = Release|Any CPU
		{C0C88A52-A795-43BC-887B-B2DBEE58C4B5}.Release|Any CPU.Build.0 = Release|Any CPU
		{B0F480BF-36E2-4156-B4B4-4E2EEA4DCF27}.Debug|Any CPU.ActiveCfg = Debug|Any CPU
		{B0F480BF-36E2-4156-B4B4-4E2EEA4DCF27}.Debug|Any CPU.Build.0 = Debug|Any CPU
		{B0F480BF-36E2-4156-B4B4-4E2EEA4DCF27}.Release|Any CPU.ActiveCfg = Release|Any CPU
		{B0F480BF-36E2-4156-B4B4-4E2EEA4DCF27}.Release|Any CPU.Build.0 = Release|Any CPU
		{31DB4863-0E7B-41A1-A239-A053C48D3B81}.Debug|Any CPU.ActiveCfg = Debug|Any CPU
		{31DB4863-0E7B-41A1-A239-A053C48D3B81}.Debug|Any CPU.Build.0 = Debug|Any CPU
		{31DB4863-0E7B-41A1-A239-A053C48D3B81}.Release|Any CPU.ActiveCfg = Release|Any CPU
		{31DB4863-0E7B-41A1-A239-A053C48D3B81}.Release|Any CPU.Build.0 = Release|Any CPU
		{6F8428E5-DC21-4CD7-B7CB-D6C81EC2D5D9}.Debug|Any CPU.ActiveCfg = Debug|Any CPU
		{6F8428E5-DC21-4CD7-B7CB-D6C81EC2D5D9}.Debug|Any CPU.Build.0 = Debug|Any CPU
		{6F8428E5-DC21-4CD7-B7CB-D6C81EC2D5D9}.Release|Any CPU.ActiveCfg = Release|Any CPU
		{6F8428E5-DC21-4CD7-B7CB-D6C81EC2D5D9}.Release|Any CPU.Build.0 = Release|Any CPU
		{2E6C17DF-93D2-42E5-8BF9-E7967741C838}.Debug|Any CPU.ActiveCfg = Debug|Any CPU
		{2E6C17DF-93D2-42E5-8BF9-E7967741C838}.Debug|Any CPU.Build.0 = Debug|Any CPU
		{2E6C17DF-93D2-42E5-8BF9-E7967741C838}.Release|Any CPU.ActiveCfg = Release|Any CPU
		{2E6C17DF-93D2-42E5-8BF9-E7967741C838}.Release|Any CPU.Build.0 = Release|Any CPU
		{B4F07498-CBFF-41F8-8EB4-131C46C8A7B3}.Debug|Any CPU.ActiveCfg = Debug|Any CPU
		{B4F07498-CBFF-41F8-8EB4-131C46C8A7B3}.Debug|Any CPU.Build.0 = Debug|Any CPU
		{B4F07498-CBFF-41F8-8EB4-131C46C8A7B3}.Release|Any CPU.ActiveCfg = Release|Any CPU
		{B4F07498-CBFF-41F8-8EB4-131C46C8A7B3}.Release|Any CPU.Build.0 = Release|Any CPU
		{93653151-B1FF-4FBB-97B8-26E2525E31D4}.Debug|Any CPU.ActiveCfg = Debug|Any CPU
		{93653151-B1FF-4FBB-97B8-26E2525E31D4}.Debug|Any CPU.Build.0 = Debug|Any CPU
		{93653151-B1FF-4FBB-97B8-26E2525E31D4}.Release|Any CPU.ActiveCfg = Release|Any CPU
		{93653151-B1FF-4FBB-97B8-26E2525E31D4}.Release|Any CPU.Build.0 = Release|Any CPU
		{AAD6451E-ED18-4367-9048-3D225E03E9CE}.Debug|Any CPU.ActiveCfg = Debug|Any CPU
		{AAD6451E-ED18-4367-9048-3D225E03E9CE}.Debug|Any CPU.Build.0 = Debug|Any CPU
		{AAD6451E-ED18-4367-9048-3D225E03E9CE}.Release|Any CPU.ActiveCfg = Release|Any CPU
		{AAD6451E-ED18-4367-9048-3D225E03E9CE}.Release|Any CPU.Build.0 = Release|Any CPU
		{EEE6B1B8-3DB0-41F5-A431-309E9C7342AF}.Debug|Any CPU.ActiveCfg = Debug|Any CPU
		{EEE6B1B8-3DB0-41F5-A431-309E9C7342AF}.Debug|Any CPU.Build.0 = Debug|Any CPU
		{EEE6B1B8-3DB0-41F5-A431-309E9C7342AF}.Release|Any CPU.ActiveCfg = Release|Any CPU
		{EEE6B1B8-3DB0-41F5-A431-309E9C7342AF}.Release|Any CPU.Build.0 = Release|Any CPU
		{8C26DB9D-C7AD-44EC-AEBA-DF31FC96A57F}.Debug|Any CPU.ActiveCfg = Debug|Any CPU
		{8C26DB9D-C7AD-44EC-AEBA-DF31FC96A57F}.Debug|Any CPU.Build.0 = Debug|Any CPU
		{8C26DB9D-C7AD-44EC-AEBA-DF31FC96A57F}.Release|Any CPU.ActiveCfg = Release|Any CPU
		{8C26DB9D-C7AD-44EC-AEBA-DF31FC96A57F}.Release|Any CPU.Build.0 = Release|Any CPU
		{347104BB-451A-4F89-BB47-CA832FB7F856}.Debug|Any CPU.ActiveCfg = Debug|Any CPU
		{347104BB-451A-4F89-BB47-CA832FB7F856}.Debug|Any CPU.Build.0 = Debug|Any CPU
		{347104BB-451A-4F89-BB47-CA832FB7F856}.Release|Any CPU.ActiveCfg = Release|Any CPU
		{347104BB-451A-4F89-BB47-CA832FB7F856}.Release|Any CPU.Build.0 = Release|Any CPU
		{B923E1DA-5A49-4692-8AC9-A050ED657C69}.Debug|Any CPU.ActiveCfg = Debug|Any CPU
		{B923E1DA-5A49-4692-8AC9-A050ED657C69}.Debug|Any CPU.Build.0 = Debug|Any CPU
		{B923E1DA-5A49-4692-8AC9-A050ED657C69}.Release|Any CPU.ActiveCfg = Release|Any CPU
		{B923E1DA-5A49-4692-8AC9-A050ED657C69}.Release|Any CPU.Build.0 = Release|Any CPU
		{EFA8175B-26B8-46DF-AE0C-C6669C5A47E6}.Debug|Any CPU.ActiveCfg = Debug|Any CPU
		{EFA8175B-26B8-46DF-AE0C-C6669C5A47E6}.Debug|Any CPU.Build.0 = Debug|Any CPU
		{EFA8175B-26B8-46DF-AE0C-C6669C5A47E6}.Release|Any CPU.ActiveCfg = Release|Any CPU
		{EFA8175B-26B8-46DF-AE0C-C6669C5A47E6}.Release|Any CPU.Build.0 = Release|Any CPU
		{B271804C-0B8F-404E-AC95-C5F21CD7E248}.Debug|Any CPU.ActiveCfg = Debug|Any CPU
		{B271804C-0B8F-404E-AC95-C5F21CD7E248}.Debug|Any CPU.Build.0 = Debug|Any CPU
		{B271804C-0B8F-404E-AC95-C5F21CD7E248}.Release|Any CPU.ActiveCfg = Release|Any CPU
		{B271804C-0B8F-404E-AC95-C5F21CD7E248}.Release|Any CPU.Build.0 = Release|Any CPU
		{AAC8BF03-AFE4-4108-961F-5A0CA69FDC91}.Debug|Any CPU.ActiveCfg = Debug|Any CPU
		{AAC8BF03-AFE4-4108-961F-5A0CA69FDC91}.Debug|Any CPU.Build.0 = Debug|Any CPU
		{AAC8BF03-AFE4-4108-961F-5A0CA69FDC91}.Release|Any CPU.ActiveCfg = Release|Any CPU
		{AAC8BF03-AFE4-4108-961F-5A0CA69FDC91}.Release|Any CPU.Build.0 = Release|Any CPU
		{AC34D9C1-90CB-4F28-A9D2-ADB34109AAE8}.Debug|Any CPU.ActiveCfg = Debug|Any CPU
		{AC34D9C1-90CB-4F28-A9D2-ADB34109AAE8}.Debug|Any CPU.Build.0 = Debug|Any CPU
		{AC34D9C1-90CB-4F28-A9D2-ADB34109AAE8}.Release|Any CPU.ActiveCfg = Release|Any CPU
		{AC34D9C1-90CB-4F28-A9D2-ADB34109AAE8}.Release|Any CPU.Build.0 = Release|Any CPU
		{1B428CF1-16B0-4B12-82AB-AF9BB2A10F29}.Debug|Any CPU.ActiveCfg = Debug|Any CPU
		{1B428CF1-16B0-4B12-82AB-AF9BB2A10F29}.Debug|Any CPU.Build.0 = Debug|Any CPU
		{1B428CF1-16B0-4B12-82AB-AF9BB2A10F29}.Release|Any CPU.ActiveCfg = Release|Any CPU
		{1B428CF1-16B0-4B12-82AB-AF9BB2A10F29}.Release|Any CPU.Build.0 = Release|Any CPU
	EndGlobalSection
	GlobalSection(SolutionProperties) = preSolution
		HideSolutionNode = FALSE
	EndGlobalSection
	GlobalSection(NestedProjects) = preSolution
		{C0C88A52-A795-43BC-887B-B2DBEE58C4B5} = {25D7998E-82BA-4740-ADD5-86FF5A2E5B23}
		{B0F480BF-36E2-4156-B4B4-4E2EEA4DCF27} = {25D7998E-82BA-4740-ADD5-86FF5A2E5B23}
		{31DB4863-0E7B-41A1-A239-A053C48D3B81} = {25D7998E-82BA-4740-ADD5-86FF5A2E5B23}
		{6F8428E5-DC21-4CD7-B7CB-D6C81EC2D5D9} = {2FBA5A4A-35D2-4A34-9870-26E5FD6C33C6}
		{91378479-4EF2-489D-AA0E-924E80D06C4C} = {25D7998E-82BA-4740-ADD5-86FF5A2E5B23}
		{2E6C17DF-93D2-42E5-8BF9-E7967741C838} = {91378479-4EF2-489D-AA0E-924E80D06C4C}
		{EB0E8C89-DEB5-4DE7-9579-6EAD0C5430CE} = {2FBA5A4A-35D2-4A34-9870-26E5FD6C33C6}
		{B4F07498-CBFF-41F8-8EB4-131C46C8A7B3} = {EB0E8C89-DEB5-4DE7-9579-6EAD0C5430CE}
		{93653151-B1FF-4FBB-97B8-26E2525E31D4} = {19DB9871-B539-463D-A5D5-ADD408369977}
		{19DB9871-B539-463D-A5D5-ADD408369977} = {B6B5D19B-7FEC-4D79-B630-18B9E1F7CD3C}
		{AAD6451E-ED18-4367-9048-3D225E03E9CE} = {25D7998E-82BA-4740-ADD5-86FF5A2E5B23}
		{36DD66A8-5FD9-47A5-A0CC-0336493AAED2} = {25D7998E-82BA-4740-ADD5-86FF5A2E5B23}
		{EEE6B1B8-3DB0-41F5-A431-309E9C7342AF} = {36DD66A8-5FD9-47A5-A0CC-0336493AAED2}
		{8C26DB9D-C7AD-44EC-AEBA-DF31FC96A57F} = {36DD66A8-5FD9-47A5-A0CC-0336493AAED2}
		{6F37E2FD-3C17-4FDE-A605-116E9BE2F800} = {2FBA5A4A-35D2-4A34-9870-26E5FD6C33C6}
		{347104BB-451A-4F89-BB47-CA832FB7F856} = {6F37E2FD-3C17-4FDE-A605-116E9BE2F800}
		{5EBC06E8-2BEF-44D2-8369-30E66EB107BD} = {25D7998E-82BA-4740-ADD5-86FF5A2E5B23}
		{B923E1DA-5A49-4692-8AC9-A050ED657C69} = {5EBC06E8-2BEF-44D2-8369-30E66EB107BD}
		{087E0A3C-3DE9-4D8A-8B1B-AA5DC7471A88} = {A8B84E74-4790-4D82-B810-CA54BF7E220B}
		{EFA8175B-26B8-46DF-AE0C-C6669C5A47E6} = {91378479-4EF2-489D-AA0E-924E80D06C4C}
		{B271804C-0B8F-404E-AC95-C5F21CD7E248} = {36DD66A8-5FD9-47A5-A0CC-0336493AAED2}
		{AAC8BF03-AFE4-4108-961F-5A0CA69FDC91} = {EB0E8C89-DEB5-4DE7-9579-6EAD0C5430CE}
		{37F031BF-EB4F-4D3A-8BA9-B25E82783ECB} = {A8B84E74-4790-4D82-B810-CA54BF7E220B}
		{AC34D9C1-90CB-4F28-A9D2-ADB34109AAE8} = {6F37E2FD-3C17-4FDE-A605-116E9BE2F800}
		{951E27E9-6F04-4801-8E85-E7C75BBB2000} = {2FBA5A4A-35D2-4A34-9870-26E5FD6C33C6}
		{1B428CF1-16B0-4B12-82AB-AF9BB2A10F29} = {951E27E9-6F04-4801-8E85-E7C75BBB2000}
	EndGlobalSection
EndGlobal
